// !$*UTF8*$!
{
	archiveVersion = 1;
	classes = {
	};
	objectVersion = 45;
	objects = {

/* Begin PBXBuildFile section */
		050330290FD4663F0034612D /* Cache.cc in Sources */ = {isa = PBXBuildFile; fileRef = 050330270FD4663F0034612D /* Cache.cc */; };
		054195520FD869F2009BA8C6 /* libcrypto.dylib in Frameworks */ = {isa = PBXBuildFile; fileRef = 054195510FD869F2009BA8C6 /* libcrypto.dylib */; };
		054195760FD87537009BA8C6 /* Sqlite.cpp in Sources */ = {isa = PBXBuildFile; fileRef = 054195750FD87537009BA8C6 /* Sqlite.cpp */; };
		05FFEB4C0FD6F10E007558B2 /* test.cc in Sources */ = {isa = PBXBuildFile; fileRef = 05FFEB4B0FD6F10E007558B2 /* test.cc */; };
		05FFEB570FD6F222007558B2 /* libsqlite3.dylib in Frameworks */ = {isa = PBXBuildFile; fileRef = 05FFEB560FD6F222007558B2 /* libsqlite3.dylib */; };
		05FFEB5C0FD6F269007558B2 /* SqliteCache.cpp in Sources */ = {isa = PBXBuildFile; fileRef = 05FFEB5B0FD6F269007558B2 /* SqliteCache.cpp */; };
/* End PBXBuildFile section */

/* Begin PBXCopyFilesBuildPhase section */
		8DD76F690486A84900D96B5E /* CopyFiles */ = {
			isa = PBXCopyFilesBuildPhase;
			buildActionMask = 8;
			dstPath = /usr/share/man/man1/;
			dstSubfolderSpec = 0;
			files = (
			);
			runOnlyForDeploymentPostprocessing = 1;
		};
/* End PBXCopyFilesBuildPhase section */

/* Begin PBXFileReference section */
		050330270FD4663F0034612D /* Cache.cc */ = {isa = PBXFileReference; fileEncoding = 4; lastKnownFileType = sourcecode.cpp.cpp; path = Cache.cc; sourceTree = "<group>"; };
		050330280FD4663F0034612D /* Cache.h */ = {isa = PBXFileReference; fileEncoding = 4; lastKnownFileType = sourcecode.c.h; path = Cache.h; sourceTree = "<group>"; };
		054195510FD869F2009BA8C6 /* libcrypto.dylib */ = {isa = PBXFileReference; lastKnownFileType = "compiled.mach-o.dylib"; name = libcrypto.dylib; path = /usr/lib/libcrypto.dylib; sourceTree = "<absolute>"; };
		054195740FD87537009BA8C6 /* Sqlite.h */ = {isa = PBXFileReference; fileEncoding = 4; lastKnownFileType = sourcecode.c.h; path = Sqlite.h; sourceTree = "<group>"; };
		054195750FD87537009BA8C6 /* Sqlite.cpp */ = {isa = PBXFileReference; fileEncoding = 4; lastKnownFileType = sourcecode.cpp.cpp; path = Sqlite.cpp; sourceTree = "<group>"; };
		05FFEB4B0FD6F10E007558B2 /* test.cc */ = {isa = PBXFileReference; fileEncoding = 4; lastKnownFileType = sourcecode.cpp.cpp; path = test.cc; sourceTree = "<group>"; };
		05FFEB560FD6F222007558B2 /* libsqlite3.dylib */ = {isa = PBXFileReference; lastKnownFileType = "compiled.mach-o.dylib"; name = libsqlite3.dylib; path = /usr/lib/libsqlite3.dylib; sourceTree = "<absolute>"; };
		05FFEB5A0FD6F269007558B2 /* SqliteCache.h */ = {isa = PBXFileReference; fileEncoding = 4; lastKnownFileType = sourcecode.c.h; path = SqliteCache.h; sourceTree = "<group>"; };
		05FFEB5B0FD6F269007558B2 /* SqliteCache.cpp */ = {isa = PBXFileReference; fileEncoding = 4; lastKnownFileType = sourcecode.cpp.cpp; path = SqliteCache.cpp; sourceTree = "<group>"; };
		8DD76F6C0486A84900D96B5E /* SpotCache */ = {isa = PBXFileReference; explicitFileType = "compiled.mach-o.executable"; includeInIndex = 0; path = SpotCache; sourceTree = BUILT_PRODUCTS_DIR; };
/* End PBXFileReference section */

/* Begin PBXFrameworksBuildPhase section */
		8DD76F660486A84900D96B5E /* Frameworks */ = {
			isa = PBXFrameworksBuildPhase;
			buildActionMask = 2147483647;
			files = (
				05FFEB570FD6F222007558B2 /* libsqlite3.dylib in Frameworks */,
				054195520FD869F2009BA8C6 /* libcrypto.dylib in Frameworks */,
			);
			runOnlyForDeploymentPostprocessing = 0;
		};
/* End PBXFrameworksBuildPhase section */

/* Begin PBXGroup section */
		050330260FD4663F0034612D /* src */ = {
			isa = PBXGroup;
			children = (
				050330270FD4663F0034612D /* Cache.cc */,
				050330280FD4663F0034612D /* Cache.h */,
				05FFEB4B0FD6F10E007558B2 /* test.cc */,
				05FFEB5A0FD6F269007558B2 /* SqliteCache.h */,
				05FFEB5B0FD6F269007558B2 /* SqliteCache.cpp */,
				054195740FD87537009BA8C6 /* Sqlite.h */,
				054195750FD87537009BA8C6 /* Sqlite.cpp */,
			);
			path = src;
			sourceTree = "<group>";
		};
		05FFEB550FD6F215007558B2 /* Libraries */ = {
			isa = PBXGroup;
			children = (
				054195510FD869F2009BA8C6 /* libcrypto.dylib */,
				05FFEB560FD6F222007558B2 /* libsqlite3.dylib */,
			);
			name = Libraries;
			sourceTree = "<group>";
		};
		08FB7794FE84155DC02AAC07 /* SpotCache */ = {
			isa = PBXGroup;
			children = (
				050330260FD4663F0034612D /* src */,
				05FFEB550FD6F215007558B2 /* Libraries */,
				1AB674ADFE9D54B511CA2CBB /* Products */,
			);
			name = SpotCache;
			sourceTree = "<group>";
		};
		1AB674ADFE9D54B511CA2CBB /* Products */ = {
			isa = PBXGroup;
			children = (
				8DD76F6C0486A84900D96B5E /* SpotCache */,
			);
			name = Products;
			sourceTree = "<group>";
		};
/* End PBXGroup section */

/* Begin PBXNativeTarget section */
		8DD76F620486A84900D96B5E /* SpotCache */ = {
			isa = PBXNativeTarget;
			buildConfigurationList = 1DEB923108733DC60010E9CD /* Build configuration list for PBXNativeTarget "SpotCache" */;
			buildPhases = (
				8DD76F640486A84900D96B5E /* Sources */,
				8DD76F660486A84900D96B5E /* Frameworks */,
				8DD76F690486A84900D96B5E /* CopyFiles */,
			);
			buildRules = (
			);
			dependencies = (
			);
			name = SpotCache;
			productInstallPath = "$(HOME)/bin";
			productName = SpotCache;
			productReference = 8DD76F6C0486A84900D96B5E /* SpotCache */;
			productType = "com.apple.product-type.tool";
		};
/* End PBXNativeTarget section */

/* Begin PBXProject section */
		08FB7793FE84155DC02AAC07 /* Project object */ = {
			isa = PBXProject;
			buildConfigurationList = 1DEB923508733DC60010E9CD /* Build configuration list for PBXProject "SpotCache" */;
			compatibilityVersion = "Xcode 3.1";
			hasScannedForEncodings = 1;
			mainGroup = 08FB7794FE84155DC02AAC07 /* SpotCache */;
			projectDirPath = "";
			projectRoot = "";
			targets = (
				8DD76F620486A84900D96B5E /* SpotCache */,
			);
		};
/* End PBXProject section */

/* Begin PBXSourcesBuildPhase section */
		8DD76F640486A84900D96B5E /* Sources */ = {
			isa = PBXSourcesBuildPhase;
			buildActionMask = 2147483647;
			files = (
				050330290FD4663F0034612D /* Cache.cc in Sources */,
				05FFEB4C0FD6F10E007558B2 /* test.cc in Sources */,
				05FFEB5C0FD6F269007558B2 /* SqliteCache.cpp in Sources */,
				054195760FD87537009BA8C6 /* Sqlite.cpp in Sources */,
			);
			runOnlyForDeploymentPostprocessing = 0;
		};
/* End PBXSourcesBuildPhase section */

/* Begin XCBuildConfiguration section */
		1DEB923208733DC60010E9CD /* Debug */ = {
			isa = XCBuildConfiguration;
			buildSettings = {
				ALWAYS_SEARCH_USER_PATHS = NO;
				COPY_PHASE_STRIP = NO;
				GCC_DYNAMIC_NO_PIC = NO;
				GCC_ENABLE_FIX_AND_CONTINUE = YES;
				GCC_MODEL_TUNING = G5;
				GCC_OPTIMIZATION_LEVEL = 0;
				GCC_PREPROCESSOR_DEFINITIONS = (
					"_GLIBCXX_DEBUG=1",
					"_GLIBCXX_DEBUG_PEDANTIC=1",
				);
				HEADER_SEARCH_PATHS = /usr/include;
				INSTALL_PATH = /usr/local/bin;
				PRODUCT_NAME = SpotCache;
			};
			name = Debug;
		};
		1DEB923308733DC60010E9CD /* Release */ = {
			isa = XCBuildConfiguration;
			buildSettings = {
				ALWAYS_SEARCH_USER_PATHS = NO;
				DEBUG_INFORMATION_FORMAT = "dwarf-with-dsym";
				GCC_MODEL_TUNING = G5;
				INSTALL_PATH = /usr/local/bin;
				PRODUCT_NAME = SpotCache;
			};
			name = Release;
		};
		1DEB923608733DC60010E9CD /* Debug */ = {
			isa = XCBuildConfiguration;
			buildSettings = {
				ARCHS = "$(ARCHS_STANDARD_32_BIT)";
				GCC_C_LANGUAGE_STANDARD = c99;
				GCC_OPTIMIZATION_LEVEL = 0;
				GCC_WARN_ABOUT_RETURN_TYPE = YES;
				GCC_WARN_UNUSED_VARIABLE = YES;
				ONLY_ACTIVE_ARCH = YES;
				PREBINDING = NO;
				SDKROOT = macosx10.5;
			};
			name = Debug;
		};
		1DEB923708733DC60010E9CD /* Release */ = {
			isa = XCBuildConfiguration;
			buildSettings = {
				ARCHS = "$(ARCHS_STANDARD_32_BIT)";
				GCC_C_LANGUAGE_STANDARD = c99;
				GCC_WARN_ABOUT_RETURN_TYPE = YES;
				GCC_WARN_UNUSED_VARIABLE = YES;
				PREBINDING = NO;
				SDKROOT = macosx10.5;
			};
			name = Release;
		};
/* End XCBuildConfiguration section */

/* Begin XCConfigurationList section */
		1DEB923108733DC60010E9CD /* Build configuration list for PBXNativeTarget "SpotCache" */ = {
			isa = XCConfigurationList;
			buildConfigurations = (
				1DEB923208733DC60010E9CD /* Debug */,
				1DEB923308733DC60010E9CD /* Release */,
			);
			defaultConfigurationIsVisible = 0;
			defaultConfigurationName = Release;
		};
		1DEB923508733DC60010E9CD /* Build configuration list for PBXProject "SpotCache" */ = {
			isa = XCConfigurationList;
			buildConfigurations = (
				1DEB923608733DC60010E9CD /* Debug */,
				1DEB923708733DC60010E9CD /* Release */,
			);
			defaultConfigurationIsVisible = 0;
			defaultConfigurationName = Release;
		};
/* End XCConfigurationList section */
	};
	rootObject = 08FB7793FE84155DC02AAC07 /* Project object */;
}
