// !$*UTF8*$!
{
	archiveVersion = 1;
	classes = {
	};
	objectVersion = 45;
	objects = {

/* Begin PBXBuildFile section */
		051465690FF5D4800011052B /* tests.cpp in Sources */ = {isa = PBXBuildFile; fileRef = 051465680FF5D4800011052B /* tests.cpp */; };
		051465740FF5D4DD0011052B /* Cache.cc in Sources */ = {isa = PBXBuildFile; fileRef = 050330270FD4663F0034612D /* Cache.cc */; };
		051465750FF5D4DD0011052B /* SqliteCache.cpp in Sources */ = {isa = PBXBuildFile; fileRef = 05FFEB5B0FD6F269007558B2 /* SqliteCache.cpp */; };
		051465760FF5D4DD0011052B /* Sqlite.cpp in Sources */ = {isa = PBXBuildFile; fileRef = 054195750FD87537009BA8C6 /* Sqlite.cpp */; };
		051465790FF5D4E80011052B /* libcrypto.dylib in Frameworks */ = {isa = PBXBuildFile; fileRef = 054195510FD869F2009BA8C6 /* libcrypto.dylib */; };
		0514657A0FF5D4E80011052B /* libsqlite3.dylib in Frameworks */ = {isa = PBXBuildFile; fileRef = 05FFEB560FD6F222007558B2 /* libsqlite3.dylib */; };
/* End PBXBuildFile section */

/* Begin PBXFileReference section */
		050330270FD4663F0034612D /* Cache.cc */ = {isa = PBXFileReference; fileEncoding = 4; lastKnownFileType = sourcecode.cpp.cpp; path = Cache.cc; sourceTree = "<group>"; };
		050330280FD4663F0034612D /* Cache.h */ = {isa = PBXFileReference; fileEncoding = 4; lastKnownFileType = sourcecode.c.h; path = Cache.h; sourceTree = "<group>"; };
		051465130FF5D2270011052B /* test */ = {isa = PBXFileReference; explicitFileType = "compiled.mach-o.executable"; includeInIndex = 0; path = test; sourceTree = BUILT_PRODUCTS_DIR; };
		051465530FF5D3DC0011052B /* SqliteDbSuite.h */ = {isa = PBXFileReference; fileEncoding = 4; lastKnownFileType = sourcecode.c.h; path = SqliteDbSuite.h; sourceTree = "<group>"; };
		051465680FF5D4800011052B /* tests.cpp */ = {isa = PBXFileReference; fileEncoding = 4; lastKnownFileType = sourcecode.cpp.cpp; path = tests.cpp; sourceTree = "<group>"; };
		051465FF0FF5E0F60011052B /* SqliteTableSuite.h */ = {isa = PBXFileReference; fileEncoding = 4; lastKnownFileType = sourcecode.c.h; path = SqliteTableSuite.h; sourceTree = "<group>"; };
		0514662F0FF5EFD60011052B /* SqliteCacheSuite.h */ = {isa = PBXFileReference; fileEncoding = 4; lastKnownFileType = sourcecode.c.h; path = SqliteCacheSuite.h; sourceTree = "<group>"; };
		054195510FD869F2009BA8C6 /* libcrypto.dylib */ = {isa = PBXFileReference; lastKnownFileType = "compiled.mach-o.dylib"; name = libcrypto.dylib; path = /usr/lib/libcrypto.dylib; sourceTree = "<absolute>"; };
		054195740FD87537009BA8C6 /* Sqlite.h */ = {isa = PBXFileReference; fileEncoding = 4; lastKnownFileType = sourcecode.c.h; path = Sqlite.h; sourceTree = "<group>"; };
		054195750FD87537009BA8C6 /* Sqlite.cpp */ = {isa = PBXFileReference; fileEncoding = 4; lastKnownFileType = sourcecode.cpp.cpp; path = Sqlite.cpp; sourceTree = "<group>"; };
		05FFEB560FD6F222007558B2 /* libsqlite3.dylib */ = {isa = PBXFileReference; lastKnownFileType = "compiled.mach-o.dylib"; name = libsqlite3.dylib; path = /usr/lib/libsqlite3.dylib; sourceTree = "<absolute>"; };
		05FFEB5A0FD6F269007558B2 /* SqliteCache.h */ = {isa = PBXFileReference; fileEncoding = 4; lastKnownFileType = sourcecode.c.h; path = SqliteCache.h; sourceTree = "<group>"; };
		05FFEB5B0FD6F269007558B2 /* SqliteCache.cpp */ = {isa = PBXFileReference; fileEncoding = 4; lastKnownFileType = sourcecode.cpp.cpp; path = SqliteCache.cpp; sourceTree = "<group>"; };
/* End PBXFileReference section */

/* Begin PBXFrameworksBuildPhase section */
		051465110FF5D2270011052B /* Frameworks */ = {
			isa = PBXFrameworksBuildPhase;
			buildActionMask = 2147483647;
			files = (
				051465790FF5D4E80011052B /* libcrypto.dylib in Frameworks */,
				0514657A0FF5D4E80011052B /* libsqlite3.dylib in Frameworks */,
			);
			runOnlyForDeploymentPostprocessing = 0;
		};
/* End PBXFrameworksBuildPhase section */

/* Begin PBXGroup section */
		050330260FD4663F0034612D /* src */ = {
			isa = PBXGroup;
			children = (
				050330270FD4663F0034612D /* Cache.cc */,
				050330280FD4663F0034612D /* Cache.h */,
				05FFEB5A0FD6F269007558B2 /* SqliteCache.h */,
				05FFEB5B0FD6F269007558B2 /* SqliteCache.cpp */,
				054195740FD87537009BA8C6 /* Sqlite.h */,
				054195750FD87537009BA8C6 /* Sqlite.cpp */,
			);
			path = src;
			sourceTree = "<group>";
		};
		0514650E0FF5D1FB0011052B /* tests */ = {
			isa = PBXGroup;
			children = (
				051465680FF5D4800011052B /* tests.cpp */,
				051465530FF5D3DC0011052B /* SqliteDbSuite.h */,
				051465FF0FF5E0F60011052B /* SqliteTableSuite.h */,
				0514662F0FF5EFD60011052B /* SqliteCacheSuite.h */,
			);
			path = tests;
			sourceTree = "<group>";
		};
		0514653D0FF5D3510011052B /* cxxtest */ = {
			isa = PBXGroup;
			children = (
			);
			name = cxxtest;
			sourceTree = "<group>";
		};
		05FFEB550FD6F215007558B2 /* Libraries */ = {
			isa = PBXGroup;
			children = (
				0514653D0FF5D3510011052B /* cxxtest */,
				054195510FD869F2009BA8C6 /* libcrypto.dylib */,
				05FFEB560FD6F222007558B2 /* libsqlite3.dylib */,
			);
			name = Libraries;
			sourceTree = "<group>";
		};
		08FB7794FE84155DC02AAC07 /* SpotCache */ = {
			isa = PBXGroup;
			children = (
				050330260FD4663F0034612D /* src */,
				0514650E0FF5D1FB0011052B /* tests */,
				05FFEB550FD6F215007558B2 /* Libraries */,
				1AB674ADFE9D54B511CA2CBB /* Products */,
			);
			name = SpotCache;
			sourceTree = "<group>";
		};
		1AB674ADFE9D54B511CA2CBB /* Products */ = {
			isa = PBXGroup;
			children = (
				051465130FF5D2270011052B /* test */,
			);
			name = Products;
			sourceTree = "<group>";
		};
/* End PBXGroup section */

/* Begin PBXNativeTarget section */
		051465120FF5D2270011052B /* test */ = {
			isa = PBXNativeTarget;
			buildConfigurationList = 051465200FF5D22F0011052B /* Build configuration list for PBXNativeTarget "test" */;
			buildPhases = (
				051465550FF5D3F80011052B /* ShellScript */,
				051465100FF5D2270011052B /* Sources */,
				051465110FF5D2270011052B /* Frameworks */,
			);
			buildRules = (
			);
			dependencies = (
			);
			name = test;
			productName = test;
			productReference = 051465130FF5D2270011052B /* test */;
			productType = "com.apple.product-type.tool";
		};
/* End PBXNativeTarget section */

/* Begin PBXProject section */
		08FB7793FE84155DC02AAC07 /* Project object */ = {
			isa = PBXProject;
			buildConfigurationList = 1DEB923508733DC60010E9CD /* Build configuration list for PBXProject "SpotCache" */;
			compatibilityVersion = "Xcode 3.1";
			hasScannedForEncodings = 1;
			mainGroup = 08FB7794FE84155DC02AAC07 /* SpotCache */;
			projectDirPath = "";
			projectRoot = "";
			targets = (
				051465120FF5D2270011052B /* test */,
			);
		};
/* End PBXProject section */

/* Begin PBXShellScriptBuildPhase section */
		051465550FF5D3F80011052B /* ShellScript */ = {
			isa = PBXShellScriptBuildPhase;
			buildActionMask = 2147483647;
			files = (
			);
			inputPaths = (
			);
			outputPaths = (
			);
			runOnlyForDeploymentPostprocessing = 0;
			shellPath = /bin/sh;
			shellScript = "python vendor/cxxtest/cxxtestgen.py --error-printer -o tests/tests.cpp tests/SqliteDbSuite.h tests/SqliteTableSuite.h tests/SqliteCacheSuite.h";
			showEnvVarsInLog = 0;
		};
/* End PBXShellScriptBuildPhase section */

/* Begin PBXSourcesBuildPhase section */
		051465100FF5D2270011052B /* Sources */ = {
			isa = PBXSourcesBuildPhase;
			buildActionMask = 2147483647;
			files = (
				051465690FF5D4800011052B /* tests.cpp in Sources */,
				051465740FF5D4DD0011052B /* Cache.cc in Sources */,
				051465750FF5D4DD0011052B /* SqliteCache.cpp in Sources */,
				051465760FF5D4DD0011052B /* Sqlite.cpp in Sources */,
			);
			runOnlyForDeploymentPostprocessing = 0;
		};
/* End PBXSourcesBuildPhase section */

/* Begin XCBuildConfiguration section */
		051465150FF5D2280011052B /* Debug */ = {
			isa = XCBuildConfiguration;
			buildSettings = {
				ALWAYS_SEARCH_USER_PATHS = NO;
				COPY_PHASE_STRIP = NO;
				GCC_DYNAMIC_NO_PIC = NO;
				GCC_ENABLE_FIX_AND_CONTINUE = YES;
				GCC_MODEL_TUNING = G5;
				GCC_OPTIMIZATION_LEVEL = 0;
				HEADER_SEARCH_PATHS = vendor/cxxtest;
				INSTALL_PATH = /usr/local/bin;
				PREBINDING = NO;
				PRODUCT_NAME = test;
				USER_HEADER_SEARCH_PATHS = .;
			};
			name = Debug;
		};
		051465160FF5D2280011052B /* Release */ = {
			isa = XCBuildConfiguration;
			buildSettings = {
				ALWAYS_SEARCH_USER_PATHS = NO;
				COPY_PHASE_STRIP = YES;
				DEBUG_INFORMATION_FORMAT = "dwarf-with-dsym";
				GCC_ENABLE_FIX_AND_CONTINUE = NO;
				GCC_MODEL_TUNING = G5;
				INSTALL_PATH = /usr/local/bin;
				PREBINDING = NO;
				PRODUCT_NAME = test;
				ZERO_LINK = NO;
			};
			name = Release;
		};
		1DEB923608733DC60010E9CD /* Debug */ = {
			isa = XCBuildConfiguration;
			buildSettings = {
				ARCHS = "$(ARCHS_STANDARD_32_BIT)";
				GCC_C_LANGUAGE_STANDARD = c99;
				GCC_OPTIMIZATION_LEVEL = 0;
				GCC_WARN_ABOUT_RETURN_TYPE = YES;
				GCC_WARN_UNUSED_VARIABLE = YES;
				ONLY_ACTIVE_ARCH = YES;
				PREBINDING = NO;
				SDKROOT = macosx10.5;
			};
			name = Debug;
		};
		1DEB923708733DC60010E9CD /* Release */ = {
			isa = XCBuildConfiguration;
			buildSettings = {
				ARCHS = "$(ARCHS_STANDARD_32_BIT)";
				GCC_C_LANGUAGE_STANDARD = c99;
				GCC_WARN_ABOUT_RETURN_TYPE = YES;
				GCC_WARN_UNUSED_VARIABLE = YES;
				PREBINDING = NO;
				SDKROOT = macosx10.5;
			};
			name = Release;
		};
/* End XCBuildConfiguration section */

/* Begin XCConfigurationList section */
		051465200FF5D22F0011052B /* Build configuration list for PBXNativeTarget "test" */ = {
			isa = XCConfigurationList;
			buildConfigurations = (
				051465150FF5D2280011052B /* Debug */,
				051465160FF5D2280011052B /* Release */,
			);
			defaultConfigurationIsVisible = 0;
			defaultConfigurationName = Release;
		};
		1DEB923508733DC60010E9CD /* Build configuration list for PBXProject "SpotCache" */ = {
			isa = XCConfigurationList;
			buildConfigurations = (
				1DEB923608733DC60010E9CD /* Debug */,
				1DEB923708733DC60010E9CD /* Release */,
			);
			defaultConfigurationIsVisible = 0;
			defaultConfigurationName = Release;
		};
/* End XCConfigurationList section */
	};
	rootObject = 08FB7793FE84155DC02AAC07 /* Project object */;
}
